// !$*UTF8*$!
{
	archiveVersion = 1;
	classes = {
	};
	objectVersion = 50;
	objects = {

/* Begin PBXBuildFile section */
		B2E008E125707E2700166767 /* AppDelegate.swift in Sources */ = {isa = PBXBuildFile; fileRef = B2E008E025707E2700166767 /* AppDelegate.swift */; };
		B2E008E325707E2700166767 /* SceneDelegate.swift in Sources */ = {isa = PBXBuildFile; fileRef = B2E008E225707E2700166767 /* SceneDelegate.swift */; };
		B2E008E525707E2700166767 /* ContentView.swift in Sources */ = {isa = PBXBuildFile; fileRef = B2E008E425707E2700166767 /* ContentView.swift */; };
		B2E008E725707E2A00166767 /* Assets.xcassets in Resources */ = {isa = PBXBuildFile; fileRef = B2E008E625707E2A00166767 /* Assets.xcassets */; };
		B2E008EA25707E2A00166767 /* Preview Assets.xcassets in Resources */ = {isa = PBXBuildFile; fileRef = B2E008E925707E2A00166767 /* Preview Assets.xcassets */; };
		B2E008ED25707E2A00166767 /* LaunchScreen.storyboard in Resources */ = {isa = PBXBuildFile; fileRef = B2E008EB25707E2A00166767 /* LaunchScreen.storyboard */; };
		B2E008F62570888D00166767 /* DragView.swift in Sources */ = {isa = PBXBuildFile; fileRef = B2E008F52570888D00166767 /* DragView.swift */; };
		B2E008F925708D3F00166767 /* Drag2.swift in Sources */ = {isa = PBXBuildFile; fileRef = B2E008F825708D3F00166767 /* Drag2.swift */; };
		B2E008FC25709AB600166767 /* DraggableView.swift in Sources */ = {isa = PBXBuildFile; fileRef = B2E008FB25709AB600166767 /* DraggableView.swift */; };
/* End PBXBuildFile section */

/* Begin PBXFileReference section */
		B2E008DD25707E2700166767 /* Gestos.app */ = {isa = PBXFileReference; explicitFileType = wrapper.application; includeInIndex = 0; path = Gestos.app; sourceTree = BUILT_PRODUCTS_DIR; };
		B2E008E025707E2700166767 /* AppDelegate.swift */ = {isa = PBXFileReference; lastKnownFileType = sourcecode.swift; path = AppDelegate.swift; sourceTree = "<group>"; };
		B2E008E225707E2700166767 /* SceneDelegate.swift */ = {isa = PBXFileReference; lastKnownFileType = sourcecode.swift; path = SceneDelegate.swift; sourceTree = "<group>"; };
		B2E008E425707E2700166767 /* ContentView.swift */ = {isa = PBXFileReference; lastKnownFileType = sourcecode.swift; path = ContentView.swift; sourceTree = "<group>"; };
		B2E008E625707E2A00166767 /* Assets.xcassets */ = {isa = PBXFileReference; lastKnownFileType = folder.assetcatalog; path = Assets.xcassets; sourceTree = "<group>"; };
		B2E008E925707E2A00166767 /* Preview Assets.xcassets */ = {isa = PBXFileReference; lastKnownFileType = folder.assetcatalog; path = "Preview Assets.xcassets"; sourceTree = "<group>"; };
		B2E008EC25707E2A00166767 /* Base */ = {isa = PBXFileReference; lastKnownFileType = file.storyboard; name = Base; path = Base.lproj/LaunchScreen.storyboard; sourceTree = "<group>"; };
		B2E008EE25707E2A00166767 /* Info.plist */ = {isa = PBXFileReference; lastKnownFileType = text.plist.xml; path = Info.plist; sourceTree = "<group>"; };
		B2E008F52570888D00166767 /* DragView.swift */ = {isa = PBXFileReference; lastKnownFileType = sourcecode.swift; path = DragView.swift; sourceTree = "<group>"; };
		B2E008F825708D3F00166767 /* Drag2.swift */ = {isa = PBXFileReference; lastKnownFileType = sourcecode.swift; path = Drag2.swift; sourceTree = "<group>"; };
		B2E008FB25709AB600166767 /* DraggableView.swift */ = {isa = PBXFileReference; lastKnownFileType = sourcecode.swift; path = DraggableView.swift; sourceTree = "<group>"; };
/* End PBXFileReference section */

/* Begin PBXFrameworksBuildPhase section */
		B2E008DA25707E2700166767 /* Frameworks */ = {
			isa = PBXFrameworksBuildPhase;
			buildActionMask = 2147483647;
			files = (
			);
			runOnlyForDeploymentPostprocessing = 0;
		};
/* End PBXFrameworksBuildPhase section */

/* Begin PBXGroup section */
		B2E008D425707E2700166767 = {
			isa = PBXGroup;
			children = (
				B2E008DF25707E2700166767 /* Gestos */,
				B2E008DE25707E2700166767 /* Products */,
			);
			sourceTree = "<group>";
		};
		B2E008DE25707E2700166767 /* Products */ = {
			isa = PBXGroup;
			children = (
				B2E008DD25707E2700166767 /* Gestos.app */,
			);
			name = Products;
			sourceTree = "<group>";
		};
		B2E008DF25707E2700166767 /* Gestos */ = {
			isa = PBXGroup;
			children = (
				B2E008E025707E2700166767 /* AppDelegate.swift */,
				B2E008E225707E2700166767 /* SceneDelegate.swift */,
				B2E008E425707E2700166767 /* ContentView.swift */,
				B2E008F52570888D00166767 /* DragView.swift */,
				B2E008F825708D3F00166767 /* Drag2.swift */,
				B2E008FB25709AB600166767 /* DraggableView.swift */,
				B2E008E625707E2A00166767 /* Assets.xcassets */,
				B2E008EB25707E2A00166767 /* LaunchScreen.storyboard */,
				B2E008EE25707E2A00166767 /* Info.plist */,
				B2E008E825707E2A00166767 /* Preview Content */,
			);
			path = Gestos;
			sourceTree = "<group>";
		};
		B2E008E825707E2A00166767 /* Preview Content */ = {
			isa = PBXGroup;
			children = (
				B2E008E925707E2A00166767 /* Preview Assets.xcassets */,
			);
			path = "Preview Content";
			sourceTree = "<group>";
		};
/* End PBXGroup section */

/* Begin PBXNativeTarget section */
		B2E008DC25707E2700166767 /* Gestos */ = {
			isa = PBXNativeTarget;
			buildConfigurationList = B2E008F125707E2A00166767 /* Build configuration list for PBXNativeTarget "Gestos" */;
			buildPhases = (
				B2E008D925707E2700166767 /* Sources */,
				B2E008DA25707E2700166767 /* Frameworks */,
				B2E008DB25707E2700166767 /* Resources */,
			);
			buildRules = (
			);
			dependencies = (
			);
			name = Gestos;
			productName = Gestos;
			productReference = B2E008DD25707E2700166767 /* Gestos.app */;
			productType = "com.apple.product-type.application";
		};
/* End PBXNativeTarget section */

/* Begin PBXProject section */
		B2E008D525707E2700166767 /* Project object */ = {
			isa = PBXProject;
			attributes = {
				LastSwiftUpdateCheck = 1220;
				LastUpgradeCheck = 1220;
				TargetAttributes = {
					B2E008DC25707E2700166767 = {
						CreatedOnToolsVersion = 12.2;
					};
				};
			};
			buildConfigurationList = B2E008D825707E2700166767 /* Build configuration list for PBXProject "Gestos" */;
			compatibilityVersion = "Xcode 9.3";
			developmentRegion = en;
			hasScannedForEncodings = 0;
			knownRegions = (
				en,
				Base,
			);
			mainGroup = B2E008D425707E2700166767;
			productRefGroup = B2E008DE25707E2700166767 /* Products */;
			projectDirPath = "";
			projectRoot = "";
			targets = (
				B2E008DC25707E2700166767 /* Gestos */,
			);
		};
/* End PBXProject section */

/* Begin PBXResourcesBuildPhase section */
		B2E008DB25707E2700166767 /* Resources */ = {
			isa = PBXResourcesBuildPhase;
			buildActionMask = 2147483647;
			files = (
				B2E008ED25707E2A00166767 /* LaunchScreen.storyboard in Resources */,
				B2E008EA25707E2A00166767 /* Preview Assets.xcassets in Resources */,
				B2E008E725707E2A00166767 /* Assets.xcassets in Resources */,
			);
			runOnlyForDeploymentPostprocessing = 0;
		};
/* End PBXResourcesBuildPhase section */

/* Begin PBXSourcesBuildPhase section */
		B2E008D925707E2700166767 /* Sources */ = {
			isa = PBXSourcesBuildPhase;
			buildActionMask = 2147483647;
			files = (
				B2E008FC25709AB600166767 /* DraggableView.swift in Sources */,
				B2E008F925708D3F00166767 /* Drag2.swift in Sources */,
				B2E008E125707E2700166767 /* AppDelegate.swift in Sources */,
				B2E008E325707E2700166767 /* SceneDelegate.swift in Sources */,
				B2E008F62570888D00166767 /* DragView.swift in Sources */,
				B2E008E525707E2700166767 /* ContentView.swift in Sources */,
			);
			runOnlyForDeploymentPostprocessing = 0;
		};
/* End PBXSourcesBuildPhase section */

/* Begin PBXVariantGroup section */
		B2E008EB25707E2A00166767 /* LaunchScreen.storyboard */ = {
			isa = PBXVariantGroup;
			children = (
				B2E008EC25707E2A00166767 /* Base */,
			);
			name = LaunchScreen.storyboard;
			sourceTree = "<group>";
		};
/* End PBXVariantGroup section */

/* Begin XCBuildConfiguration section */
		B2E008EF25707E2A00166767 /* Debug */ = {
			isa = XCBuildConfiguration;
			buildSettings = {
				ALWAYS_SEARCH_USER_PATHS = NO;
				CLANG_ANALYZER_NONNULL = YES;
				CLANG_ANALYZER_NUMBER_OBJECT_CONVERSION = YES_AGGRESSIVE;
				CLANG_CXX_LANGUAGE_STANDARD = "gnu++14";
				CLANG_CXX_LIBRARY = "libc++";
				CLANG_ENABLE_MODULES = YES;
				CLANG_ENABLE_OBJC_ARC = YES;
				CLANG_ENABLE_OBJC_WEAK = YES;
				CLANG_WARN_BLOCK_CAPTURE_AUTORELEASING = YES;
				CLANG_WARN_BOOL_CONVERSION = YES;
				CLANG_WARN_COMMA = YES;
				CLANG_WARN_CONSTANT_CONVERSION = YES;
				CLANG_WARN_DEPRECATED_OBJC_IMPLEMENTATIONS = YES;
				CLANG_WARN_DIRECT_OBJC_ISA_USAGE = YES_ERROR;
				CLANG_WARN_DOCUMENTATION_COMMENTS = YES;
				CLANG_WARN_EMPTY_BODY = YES;
				CLANG_WARN_ENUM_CONVERSION = YES;
				CLANG_WARN_INFINITE_RECURSION = YES;
				CLANG_WARN_INT_CONVERSION = YES;
				CLANG_WARN_NON_LITERAL_NULL_CONVERSION = YES;
				CLANG_WARN_OBJC_IMPLICIT_RETAIN_SELF = YES;
				CLANG_WARN_OBJC_LITERAL_CONVERSION = YES;
				CLANG_WARN_OBJC_ROOT_CLASS = YES_ERROR;
				CLANG_WARN_QUOTED_INCLUDE_IN_FRAMEWORK_HEADER = YES;
				CLANG_WARN_RANGE_LOOP_ANALYSIS = YES;
				CLANG_WARN_STRICT_PROTOTYPES = YES;
				CLANG_WARN_SUSPICIOUS_MOVE = YES;
				CLANG_WARN_UNGUARDED_AVAILABILITY = YES_AGGRESSIVE;
				CLANG_WARN_UNREACHABLE_CODE = YES;
				CLANG_WARN__DUPLICATE_METHOD_MATCH = YES;
				COPY_PHASE_STRIP = NO;
				DEBUG_INFORMATION_FORMAT = dwarf;
				ENABLE_STRICT_OBJC_MSGSEND = YES;
				ENABLE_TESTABILITY = YES;
				GCC_C_LANGUAGE_STANDARD = gnu11;
				GCC_DYNAMIC_NO_PIC = NO;
				GCC_NO_COMMON_BLOCKS = YES;
				GCC_OPTIMIZATION_LEVEL = 0;
				GCC_PREPROCESSOR_DEFINITIONS = (
					"DEBUG=1",
					"$(inherited)",
				);
				GCC_WARN_64_TO_32_BIT_CONVERSION = YES;
				GCC_WARN_ABOUT_RETURN_TYPE = YES_ERROR;
				GCC_WARN_UNDECLARED_SELECTOR = YES;
				GCC_WARN_UNINITIALIZED_AUTOS = YES_AGGRESSIVE;
				GCC_WARN_UNUSED_FUNCTION = YES;
				GCC_WARN_UNUSED_VARIABLE = YES;
				IPHONEOS_DEPLOYMENT_TARGET = 14.2;
				MTL_ENABLE_DEBUG_INFO = INCLUDE_SOURCE;
				MTL_FAST_MATH = YES;
				ONLY_ACTIVE_ARCH = YES;
				SDKROOT = iphoneos;
				SWIFT_ACTIVE_COMPILATION_CONDITIONS = DEBUG;
				SWIFT_OPTIMIZATION_LEVEL = "-Onone";
			};
			name = Debug;
		};
		B2E008F025707E2A00166767 /* Release */ = {
			isa = XCBuildConfiguration;
			buildSettings = {
				ALWAYS_SEARCH_USER_PATHS = NO;
				CLANG_ANALYZER_NONNULL = YES;
				CLANG_ANALYZER_NUMBER_OBJECT_CONVERSION = YES_AGGRESSIVE;
				CLANG_CXX_LANGUAGE_STANDARD = "gnu++14";
				CLANG_CXX_LIBRARY = "libc++";
				CLANG_ENABLE_MODULES = YES;
				CLANG_ENABLE_OBJC_ARC = YES;
				CLANG_ENABLE_OBJC_WEAK = YES;
				CLANG_WARN_BLOCK_CAPTURE_AUTORELEASING = YES;
				CLANG_WARN_BOOL_CONVERSION = YES;
				CLANG_WARN_COMMA = YES;
				CLANG_WARN_CONSTANT_CONVERSION = YES;
				CLANG_WARN_DEPRECATED_OBJC_IMPLEMENTATIONS = YES;
				CLANG_WARN_DIRECT_OBJC_ISA_USAGE = YES_ERROR;
				CLANG_WARN_DOCUMENTATION_COMMENTS = YES;
				CLANG_WARN_EMPTY_BODY = YES;
				CLANG_WARN_ENUM_CONVERSION = YES;
				CLANG_WARN_INFINITE_RECURSION = YES;
				CLANG_WARN_INT_CONVERSION = YES;
				CLANG_WARN_NON_LITERAL_NULL_CONVERSION = YES;
				CLANG_WARN_OBJC_IMPLICIT_RETAIN_SELF = YES;
				CLANG_WARN_OBJC_LITERAL_CONVERSION = YES;
				CLANG_WARN_OBJC_ROOT_CLASS = YES_ERROR;
				CLANG_WARN_QUOTED_INCLUDE_IN_FRAMEWORK_HEADER = YES;
				CLANG_WARN_RANGE_LOOP_ANALYSIS = YES;
				CLANG_WARN_STRICT_PROTOTYPES = YES;
				CLANG_WARN_SUSPICIOUS_MOVE = YES;
				CLANG_WARN_UNGUARDED_AVAILABILITY = YES_AGGRESSIVE;
				CLANG_WARN_UNREACHABLE_CODE = YES;
				CLANG_WARN__DUPLICATE_METHOD_MATCH = YES;
				COPY_PHASE_STRIP = NO;
				DEBUG_INFORMATION_FORMAT = "dwarf-with-dsym";
				ENABLE_NS_ASSERTIONS = NO;
				ENABLE_STRICT_OBJC_MSGSEND = YES;
				GCC_C_LANGUAGE_STANDARD = gnu11;
				GCC_NO_COMMON_BLOCKS = YES;
				GCC_WARN_64_TO_32_BIT_CONVERSION = YES;
				GCC_WARN_ABOUT_RETURN_TYPE = YES_ERROR;
				GCC_WARN_UNDECLARED_SELECTOR = YES;
				GCC_WARN_UNINITIALIZED_AUTOS = YES_AGGRESSIVE;
				GCC_WARN_UNUSED_FUNCTION = YES;
				GCC_WARN_UNUSED_VARIABLE = YES;
				IPHONEOS_DEPLOYMENT_TARGET = 14.2;
				MTL_ENABLE_DEBUG_INFO = NO;
				MTL_FAST_MATH = YES;
				SDKROOT = iphoneos;
				SWIFT_COMPILATION_MODE = wholemodule;
				SWIFT_OPTIMIZATION_LEVEL = "-O";
				VALIDATE_PRODUCT = YES;
			};
			name = Release;
		};
		B2E008F225707E2A00166767 /* Debug */ = {
			isa = XCBuildConfiguration;
			buildSettings = {
				ASSETCATALOG_COMPILER_APPICON_NAME = AppIcon;
				ASSETCATALOG_COMPILER_GLOBAL_ACCENT_COLOR_NAME = AccentColor;
				CODE_SIGN_STYLE = Automatic;
				DEVELOPMENT_ASSET_PATHS = "\"Gestos/Preview Content\"";
				DEVELOPMENT_TEAM = QW63BRFR26;
				ENABLE_PREVIEWS = YES;
				INFOPLIST_FILE = Gestos/Info.plist;
				LD_RUNPATH_SEARCH_PATHS = (
					"$(inherited)",
					"@executable_path/Frameworks",
				);
				PRODUCT_BUNDLE_IDENTIFIER = com.valid.Gestos;
				PRODUCT_NAME = "$(TARGET_NAME)";
				SWIFT_VERSION = 5.0;
				TARGETED_DEVICE_FAMILY = "1,2";
			};
			name = Debug;
		};
		B2E008F325707E2A00166767 /* Release */ = {
			isa = XCBuildConfiguration;
			buildSettings = {
				ASSETCATALOG_COMPILER_APPICON_NAME = AppIcon;
				ASSETCATALOG_COMPILER_GLOBAL_ACCENT_COLOR_NAME = AccentColor;
				CODE_SIGN_STYLE = Automatic;
				DEVELOPMENT_ASSET_PATHS = "\"Gestos/Preview Content\"";
				DEVELOPMENT_TEAM = QW63BRFR26;
				ENABLE_PREVIEWS = YES;
				INFOPLIST_FILE = Gestos/Info.plist;
				LD_RUNPATH_SEARCH_PATHS = (
					"$(inherited)",
					"@executable_path/Frameworks",
				);
				PRODUCT_BUNDLE_IDENTIFIER = com.valid.Gestos;
				PRODUCT_NAME = "$(TARGET_NAME)";
				SWIFT_VERSION = 5.0;
				TARGETED_DEVICE_FAMILY = "1,2";
			};
			name = Release;
		};
/* End XCBuildConfiguration section */

/* Begin XCConfigurationList section */
		B2E008D825707E2700166767 /* Build configuration list for PBXProject "Gestos" */ = {
			isa = XCConfigurationList;
			buildConfigurations = (
				B2E008EF25707E2A00166767 /* Debug */,
				B2E008F025707E2A00166767 /* Release */,
			);
			defaultConfigurationIsVisible = 0;
			defaultConfigurationName = Release;
		};
		B2E008F125707E2A00166767 /* Build configuration list for PBXNativeTarget "Gestos" */ = {
			isa = XCConfigurationList;
			buildConfigurations = (
				B2E008F225707E2A00166767 /* Debug */,
				B2E008F325707E2A00166767 /* Release */,
			);
			defaultConfigurationIsVisible = 0;
			defaultConfigurationName = Release;
		};
/* End XCConfigurationList section */
	};
	rootObject = B2E008D525707E2700166767 /* Project object */;
}
